
Microsoft Visual Studio Solution File, Format Version 12.00
# Visual Studio Version 17
VisualStudioVersion = 17.1.32414.318
MinimumVisualStudioVersion = 10.0.40219.1
Project("{2150E333-8FDC-42A3-9474-1A3956D46DE8}") = "5. WebApi", "5. WebApi", "{0231C165-A541-4D67-9B32-05DE49886E13}"
EndProject
Project("{2150E333-8FDC-42A3-9474-1A3956D46DE8}") = "3. Core", "3. Core", "{FFCFA5E0-9E3B-4554-B8CE-7C4C3CC73F07}"
EndProject
Project("{2150E333-8FDC-42A3-9474-1A3956D46DE8}") = "2. ThirdParty", "2. ThirdParty", "{4C8DD271-A2A4-450F-8F75-EAC15DB1CE36}"
EndProject
Project("{2150E333-8FDC-42A3-9474-1A3956D46DE8}") = "1. CommonLibrary", "1. CommonLibrary", "{FB96E144-CD93-4713-9DAD-0237F63AA99E}"
EndProject
Project("{2150E333-8FDC-42A3-9474-1A3956D46DE8}") = "BuildingBlocks", "BuildingBlocks", "{2DA238B9-FD7A-4A3B-B00D-3B5017E190C1}"
EndProject
Project("{2150E333-8FDC-42A3-9474-1A3956D46DE8}") = "EventBus", "EventBus", "{5B209235-31C8-4B14-8F51-1CED6D745C66}"
EndProject
Project("{2150E333-8FDC-42A3-9474-1A3956D46DE8}") = "4. Application", "4. Application", "{7566C998-1E8B-47C2-A284-4EED573CFCE8}"
EndProject
Project("{9A19103F-16F7-4668-BE54-9A1E7A4F7556}") = "eShopping.Application.Admin", "eShopping.Application.Admin\eShopping.Application.Admin.csproj", "{A2286153-4467-4FA1-8291-56A7AC74D8A5}"
EndProject
Project("{9A19103F-16F7-4668-BE54-9A1E7A4F7556}") = "eShopping.Application.Store", "eShopping.Application.Store\eShopping.Application.Store.csproj", "{B3C20AAF-BB70-467E-876D-B830BCCEB5C3}"
EndProject
Project("{9A19103F-16F7-4668-BE54-9A1E7A4F7556}") = "eShopping.Models.Admin", "eShopping.Models.Admin\eShopping.Models.Admin.csproj", "{38E59A7E-23F9-4514-9F7A-9AB17D686076}"
EndProject
Project("{9A19103F-16F7-4668-BE54-9A1E7A4F7556}") = "eShopping.Models.Common", "eShopping.Models.Common\eShopping.Models.Common.csproj", "{DB5D1636-B233-4D84-AC4D-92B9B419DCFD}"
EndProject
Project("{9A19103F-16F7-4668-BE54-9A1E7A4F7556}") = "eShopping.Models.Store", "eShopping.Models.Store\eShopping.Models.Store.csproj", "{7A134CE0-484D-4628-91BB-B8CDF3CAA236}"
EndProject
Project("{9A19103F-16F7-4668-BE54-9A1E7A4F7556}") = "eShopping.WebApi.Store", "eShopping.WebApi.Store\eShopping.WebApi.Store.csproj", "{FCE62CBC-D7D8-4B7F-AC76-EA1BD0B987A6}"
EndProject
Project("{9A19103F-16F7-4668-BE54-9A1E7A4F7556}") = "eShopping.WebApi.Admin", "eShopping.WebApi.Admin\eShopping.WebApi.Admin.csproj", "{A7C99DA8-42C8-4553-9B10-DB2D0BD7B8FA}"
EndProject
Project("{9A19103F-16F7-4668-BE54-9A1E7A4F7556}") = "eShopping.Loging", "eShopping.Loging\eShopping.Loging.csproj", "{4340EBEB-85F1-468A-856B-F4FCE8B150A7}"
EndProject
Project("{9A19103F-16F7-4668-BE54-9A1E7A4F7556}") = "eShopping.MemoryCaching", "eShopping.MemoryCaching\eShopping.MemoryCaching.csproj", "{E7933CA5-4CB6-4609-87C8-8D33E27B4F58}"
EndProject
Project("{9A19103F-16F7-4668-BE54-9A1E7A4F7556}") = "eShopping.RedisCaching", "eShopping.RedisCaching\eShopping.RedisCaching.csproj", "{29230759-15EB-4BE8-A13F-49AB3ED4F13D}"
EndProject
Project("{9A19103F-16F7-4668-BE54-9A1E7A4F7556}") = "eShopping.Storage", "eShopping.Storage\eShopping.Storage.csproj", "{B57BD704-902C-422E-9B8C-A47DE31E0EB7}"
EndProject
Project("{9A19103F-16F7-4668-BE54-9A1E7A4F7556}") = "eShopping.Email", "eShopping.Email\eShopping.Email.csproj", "{E98DFA07-59B0-4199-89D2-A450E087CDCB}"
EndProject
Project("{9A19103F-16F7-4668-BE54-9A1E7A4F7556}") = "eShopping.Common", "eShopping.Common\eShopping.Common.csproj", "{DAC79FDD-878F-4065-A834-4BC3681233EE}"
EndProject
Project("{9A19103F-16F7-4668-BE54-9A1E7A4F7556}") = "eShopping.Domain", "eShopping.Domain\eShopping.Domain.csproj", "{86AC01C3-3B6A-4FA3-B5AE-6F2594251DEA}"
EndProject
Project("{9A19103F-16F7-4668-BE54-9A1E7A4F7556}") = "eShopping.Infrastructure", "eShopping.Infrastructure\eShopping.Infrastructure.csproj", "{28B788E2-301B-49DA-AC3F-5F124678BE44}"
EndProject
Project("{9A19103F-16F7-4668-BE54-9A1E7A4F7556}") = "eShopping.Interfaces", "eShopping.Interfaces\eShopping.Interfaces.csproj", "{0DC38077-65A4-4BD7-8610-DA36AD14DBCE}"
EndProject
Project("{9A19103F-16F7-4668-BE54-9A1E7A4F7556}") = "eShopping.Services", "eShopping.Services\eShopping.Services.csproj", "{921451B9-FF68-4509-9368-89173C427FA4}"
EndProject
Project("{9A19103F-16F7-4668-BE54-9A1E7A4F7556}") = "eShopping.EventBus", "eShopping.EventBus\eShopping.EventBus.csproj", "{660E8699-3ED1-4F55-B71D-9C4248CF7F91}"
EndProject
Project("{9A19103F-16F7-4668-BE54-9A1E7A4F7556}") = "eShopping.EventBusRabbitMQ", "eShopping.EventBusRabbitMQ\eShopping.EventBusRabbitMQ.csproj", "{B6DC9CF2-A8CC-40DC-B30D-E1762DA86FC2}"
EndProject
Project("{9A19103F-16F7-4668-BE54-9A1E7A4F7556}") = "eShopping.Application.Common", "eShopping.Application.Common\eShopping.Application.Common.csproj", "{83799A65-36C6-4119-980F-E07DFC097096}"
EndProject
Global
	GlobalSection(SolutionConfigurationPlatforms) = preSolution
		Debug|Any CPU = Debug|Any CPU
		Development|Any CPU = Development|Any CPU
		DevRelease|Any CPU = DevRelease|Any CPU
		Production|Any CPU = Production|Any CPU
		Release|Any CPU = Release|Any CPU
		Staging|Any CPU = Staging|Any CPU
	EndGlobalSection
	GlobalSection(ProjectConfigurationPlatforms) = postSolution
		{A2286153-4467-4FA1-8291-56A7AC74D8A5}.Debug|Any CPU.ActiveCfg = Debug|Any CPU
		{A2286153-4467-4FA1-8291-56A7AC74D8A5}.Debug|Any CPU.Build.0 = Debug|Any CPU
		{A2286153-4467-4FA1-8291-56A7AC74D8A5}.Development|Any CPU.ActiveCfg = Development|Any CPU
		{A2286153-4467-4FA1-8291-56A7AC74D8A5}.Development|Any CPU.Build.0 = Development|Any CPU
		{A2286153-4467-4FA1-8291-56A7AC74D8A5}.DevRelease|Any CPU.ActiveCfg = DevRelease|Any CPU
		{A2286153-4467-4FA1-8291-56A7AC74D8A5}.DevRelease|Any CPU.Build.0 = DevRelease|Any CPU
		{A2286153-4467-4FA1-8291-56A7AC74D8A5}.Production|Any CPU.ActiveCfg = Production|Any CPU
		{A2286153-4467-4FA1-8291-56A7AC74D8A5}.Production|Any CPU.Build.0 = Production|Any CPU
		{A2286153-4467-4FA1-8291-56A7AC74D8A5}.Release|Any CPU.ActiveCfg = Release|Any CPU
		{A2286153-4467-4FA1-8291-56A7AC74D8A5}.Release|Any CPU.Build.0 = Release|Any CPU
		{A2286153-4467-4FA1-8291-56A7AC74D8A5}.Staging|Any CPU.ActiveCfg = Staging|Any CPU
		{A2286153-4467-4FA1-8291-56A7AC74D8A5}.Staging|Any CPU.Build.0 = Staging|Any CPU
		{B3C20AAF-BB70-467E-876D-B830BCCEB5C3}.Debug|Any CPU.ActiveCfg = Debug|Any CPU
		{B3C20AAF-BB70-467E-876D-B830BCCEB5C3}.Debug|Any CPU.Build.0 = Debug|Any CPU
		{B3C20AAF-BB70-467E-876D-B830BCCEB5C3}.Development|Any CPU.ActiveCfg = Development|Any CPU
		{B3C20AAF-BB70-467E-876D-B830BCCEB5C3}.Development|Any CPU.Build.0 = Development|Any CPU
		{B3C20AAF-BB70-467E-876D-B830BCCEB5C3}.DevRelease|Any CPU.ActiveCfg = DevRelease|Any CPU
		{B3C20AAF-BB70-467E-876D-B830BCCEB5C3}.DevRelease|Any CPU.Build.0 = DevRelease|Any CPU
		{B3C20AAF-BB70-467E-876D-B830BCCEB5C3}.Production|Any CPU.ActiveCfg = Production|Any CPU
		{B3C20AAF-BB70-467E-876D-B830BCCEB5C3}.Production|Any CPU.Build.0 = Production|Any CPU
		{B3C20AAF-BB70-467E-876D-B830BCCEB5C3}.Release|Any CPU.ActiveCfg = Release|Any CPU
		{B3C20AAF-BB70-467E-876D-B830BCCEB5C3}.Release|Any CPU.Build.0 = Release|Any CPU
		{B3C20AAF-BB70-467E-876D-B830BCCEB5C3}.Staging|Any CPU.ActiveCfg = Staging|Any CPU
		{B3C20AAF-BB70-467E-876D-B830BCCEB5C3}.Staging|Any CPU.Build.0 = Staging|Any CPU
		{38E59A7E-23F9-4514-9F7A-9AB17D686076}.Debug|Any CPU.ActiveCfg = Debug|Any CPU
		{38E59A7E-23F9-4514-9F7A-9AB17D686076}.Debug|Any CPU.Build.0 = Debug|Any CPU
		{38E59A7E-23F9-4514-9F7A-9AB17D686076}.Development|Any CPU.ActiveCfg = Development|Any CPU
		{38E59A7E-23F9-4514-9F7A-9AB17D686076}.Development|Any CPU.Build.0 = Development|Any CPU
		{38E59A7E-23F9-4514-9F7A-9AB17D686076}.DevRelease|Any CPU.ActiveCfg = DevRelease|Any CPU
		{38E59A7E-23F9-4514-9F7A-9AB17D686076}.DevRelease|Any CPU.Build.0 = DevRelease|Any CPU
		{38E59A7E-23F9-4514-9F7A-9AB17D686076}.Production|Any CPU.ActiveCfg = Production|Any CPU
		{38E59A7E-23F9-4514-9F7A-9AB17D686076}.Production|Any CPU.Build.0 = Production|Any CPU
		{38E59A7E-23F9-4514-9F7A-9AB17D686076}.Release|Any CPU.ActiveCfg = Release|Any CPU
		{38E59A7E-23F9-4514-9F7A-9AB17D686076}.Release|Any CPU.Build.0 = Release|Any CPU
		{38E59A7E-23F9-4514-9F7A-9AB17D686076}.Staging|Any CPU.ActiveCfg = Staging|Any CPU
		{38E59A7E-23F9-4514-9F7A-9AB17D686076}.Staging|Any CPU.Build.0 = Staging|Any CPU
		{DB5D1636-B233-4D84-AC4D-92B9B419DCFD}.Debug|Any CPU.ActiveCfg = Debug|Any CPU
		{DB5D1636-B233-4D84-AC4D-92B9B419DCFD}.Debug|Any CPU.Build.0 = Debug|Any CPU
		{DB5D1636-B233-4D84-AC4D-92B9B419DCFD}.Development|Any CPU.ActiveCfg = Debug|Any CPU
		{DB5D1636-B233-4D84-AC4D-92B9B419DCFD}.Development|Any CPU.Build.0 = Debug|Any CPU
		{DB5D1636-B233-4D84-AC4D-92B9B419DCFD}.DevRelease|Any CPU.ActiveCfg = Release|Any CPU
		{DB5D1636-B233-4D84-AC4D-92B9B419DCFD}.DevRelease|Any CPU.Build.0 = Release|Any CPU
		{DB5D1636-B233-4D84-AC4D-92B9B419DCFD}.Production|Any CPU.ActiveCfg = Debug|Any CPU
		{DB5D1636-B233-4D84-AC4D-92B9B419DCFD}.Production|Any CPU.Build.0 = Debug|Any CPU
		{DB5D1636-B233-4D84-AC4D-92B9B419DCFD}.Release|Any CPU.ActiveCfg = Release|Any CPU
		{DB5D1636-B233-4D84-AC4D-92B9B419DCFD}.Release|Any CPU.Build.0 = Release|Any CPU
		{DB5D1636-B233-4D84-AC4D-92B9B419DCFD}.Staging|Any CPU.ActiveCfg = Debug|Any CPU
		{DB5D1636-B233-4D84-AC4D-92B9B419DCFD}.Staging|Any CPU.Build.0 = Debug|Any CPU
		{7A134CE0-484D-4628-91BB-B8CDF3CAA236}.Debug|Any CPU.ActiveCfg = Debug|Any CPU
		{7A134CE0-484D-4628-91BB-B8CDF3CAA236}.Debug|Any CPU.Build.0 = Debug|Any CPU
		{7A134CE0-484D-4628-91BB-B8CDF3CAA236}.Development|Any CPU.ActiveCfg = Development|Any CPU
		{7A134CE0-484D-4628-91BB-B8CDF3CAA236}.Development|Any CPU.Build.0 = Development|Any CPU
		{7A134CE0-484D-4628-91BB-B8CDF3CAA236}.DevRelease|Any CPU.ActiveCfg = DevRelease|Any CPU
		{7A134CE0-484D-4628-91BB-B8CDF3CAA236}.DevRelease|Any CPU.Build.0 = DevRelease|Any CPU
		{7A134CE0-484D-4628-91BB-B8CDF3CAA236}.Production|Any CPU.ActiveCfg = Production|Any CPU
		{7A134CE0-484D-4628-91BB-B8CDF3CAA236}.Production|Any CPU.Build.0 = Production|Any CPU
		{7A134CE0-484D-4628-91BB-B8CDF3CAA236}.Release|Any CPU.ActiveCfg = Release|Any CPU
		{7A134CE0-484D-4628-91BB-B8CDF3CAA236}.Release|Any CPU.Build.0 = Release|Any CPU
		{7A134CE0-484D-4628-91BB-B8CDF3CAA236}.Staging|Any CPU.ActiveCfg = Staging|Any CPU
		{7A134CE0-484D-4628-91BB-B8CDF3CAA236}.Staging|Any CPU.Build.0 = Staging|Any CPU
		{FCE62CBC-D7D8-4B7F-AC76-EA1BD0B987A6}.Debug|Any CPU.ActiveCfg = Debug|Any CPU
		{FCE62CBC-D7D8-4B7F-AC76-EA1BD0B987A6}.Debug|Any CPU.Build.0 = Debug|Any CPU
		{FCE62CBC-D7D8-4B7F-AC76-EA1BD0B987A6}.Development|Any CPU.ActiveCfg = Development|Any CPU
		{FCE62CBC-D7D8-4B7F-AC76-EA1BD0B987A6}.Development|Any CPU.Build.0 = Development|Any CPU
		{FCE62CBC-D7D8-4B7F-AC76-EA1BD0B987A6}.DevRelease|Any CPU.ActiveCfg = DevRelease|Any CPU
		{FCE62CBC-D7D8-4B7F-AC76-EA1BD0B987A6}.DevRelease|Any CPU.Build.0 = DevRelease|Any CPU
		{FCE62CBC-D7D8-4B7F-AC76-EA1BD0B987A6}.Production|Any CPU.ActiveCfg = Production|Any CPU
		{FCE62CBC-D7D8-4B7F-AC76-EA1BD0B987A6}.Production|Any CPU.Build.0 = Production|Any CPU
		{FCE62CBC-D7D8-4B7F-AC76-EA1BD0B987A6}.Release|Any CPU.ActiveCfg = Release|Any CPU
		{FCE62CBC-D7D8-4B7F-AC76-EA1BD0B987A6}.Release|Any CPU.Build.0 = Release|Any CPU
		{FCE62CBC-D7D8-4B7F-AC76-EA1BD0B987A6}.Staging|Any CPU.ActiveCfg = Staging|Any CPU
		{FCE62CBC-D7D8-4B7F-AC76-EA1BD0B987A6}.Staging|Any CPU.Build.0 = Staging|Any CPU
		{A7C99DA8-42C8-4553-9B10-DB2D0BD7B8FA}.Debug|Any CPU.ActiveCfg = Debug|Any CPU
		{A7C99DA8-42C8-4553-9B10-DB2D0BD7B8FA}.Debug|Any CPU.Build.0 = Debug|Any CPU
		{A7C99DA8-42C8-4553-9B10-DB2D0BD7B8FA}.Development|Any CPU.ActiveCfg = Development|Any CPU
		{A7C99DA8-42C8-4553-9B10-DB2D0BD7B8FA}.Development|Any CPU.Build.0 = Development|Any CPU
		{A7C99DA8-42C8-4553-9B10-DB2D0BD7B8FA}.DevRelease|Any CPU.ActiveCfg = DevRelease|Any CPU
		{A7C99DA8-42C8-4553-9B10-DB2D0BD7B8FA}.DevRelease|Any CPU.Build.0 = DevRelease|Any CPU
		{A7C99DA8-42C8-4553-9B10-DB2D0BD7B8FA}.Production|Any CPU.ActiveCfg = Production|Any CPU
		{A7C99DA8-42C8-4553-9B10-DB2D0BD7B8FA}.Production|Any CPU.Build.0 = Production|Any CPU
		{A7C99DA8-42C8-4553-9B10-DB2D0BD7B8FA}.Release|Any CPU.ActiveCfg = Release|Any CPU
		{A7C99DA8-42C8-4553-9B10-DB2D0BD7B8FA}.Release|Any CPU.Build.0 = Release|Any CPU
		{A7C99DA8-42C8-4553-9B10-DB2D0BD7B8FA}.Staging|Any CPU.ActiveCfg = Staging|Any CPU
		{A7C99DA8-42C8-4553-9B10-DB2D0BD7B8FA}.Staging|Any CPU.Build.0 = Staging|Any CPU
		{4340EBEB-85F1-468A-856B-F4FCE8B150A7}.Debug|Any CPU.ActiveCfg = Debug|Any CPU
		{4340EBEB-85F1-468A-856B-F4FCE8B150A7}.Debug|Any CPU.Build.0 = Debug|Any CPU
		{4340EBEB-85F1-468A-856B-F4FCE8B150A7}.Development|Any CPU.ActiveCfg = Debug|Any CPU
		{4340EBEB-85F1-468A-856B-F4FCE8B150A7}.Development|Any CPU.Build.0 = Debug|Any CPU
		{4340EBEB-85F1-468A-856B-F4FCE8B150A7}.DevRelease|Any CPU.ActiveCfg = Release|Any CPU
		{4340EBEB-85F1-468A-856B-F4FCE8B150A7}.DevRelease|Any CPU.Build.0 = Release|Any CPU
		{4340EBEB-85F1-468A-856B-F4FCE8B150A7}.Production|Any CPU.ActiveCfg = Production|Any CPU
		{4340EBEB-85F1-468A-856B-F4FCE8B150A7}.Production|Any CPU.Build.0 = Production|Any CPU
		{4340EBEB-85F1-468A-856B-F4FCE8B150A7}.Release|Any CPU.ActiveCfg = Release|Any CPU
		{4340EBEB-85F1-468A-856B-F4FCE8B150A7}.Release|Any CPU.Build.0 = Release|Any CPU
		{4340EBEB-85F1-468A-856B-F4FCE8B150A7}.Staging|Any CPU.ActiveCfg = Debug|Any CPU
		{4340EBEB-85F1-468A-856B-F4FCE8B150A7}.Staging|Any CPU.Build.0 = Debug|Any CPU
		{E7933CA5-4CB6-4609-87C8-8D33E27B4F58}.Debug|Any CPU.ActiveCfg = Debug|Any CPU
		{E7933CA5-4CB6-4609-87C8-8D33E27B4F58}.Debug|Any CPU.Build.0 = Debug|Any CPU
		{E7933CA5-4CB6-4609-87C8-8D33E27B4F58}.Development|Any CPU.ActiveCfg = Debug|Any CPU
		{E7933CA5-4CB6-4609-87C8-8D33E27B4F58}.Development|Any CPU.Build.0 = Debug|Any CPU
		{E7933CA5-4CB6-4609-87C8-8D33E27B4F58}.DevRelease|Any CPU.ActiveCfg = Release|Any CPU
		{E7933CA5-4CB6-4609-87C8-8D33E27B4F58}.DevRelease|Any CPU.Build.0 = Release|Any CPU
		{E7933CA5-4CB6-4609-87C8-8D33E27B4F58}.Production|Any CPU.ActiveCfg = Production|Any CPU
		{E7933CA5-4CB6-4609-87C8-8D33E27B4F58}.Production|Any CPU.Build.0 = Production|Any CPU
		{E7933CA5-4CB6-4609-87C8-8D33E27B4F58}.Release|Any CPU.ActiveCfg = Release|Any CPU
		{E7933CA5-4CB6-4609-87C8-8D33E27B4F58}.Release|Any CPU.Build.0 = Release|Any CPU
		{E7933CA5-4CB6-4609-87C8-8D33E27B4F58}.Staging|Any CPU.ActiveCfg = Debug|Any CPU
		{E7933CA5-4CB6-4609-87C8-8D33E27B4F58}.Staging|Any CPU.Build.0 = Debug|Any CPU
		{29230759-15EB-4BE8-A13F-49AB3ED4F13D}.Debug|Any CPU.ActiveCfg = Debug|Any CPU
		{29230759-15EB-4BE8-A13F-49AB3ED4F13D}.Debug|Any CPU.Build.0 = Debug|Any CPU
		{29230759-15EB-4BE8-A13F-49AB3ED4F13D}.Development|Any CPU.ActiveCfg = Debug|Any CPU
		{29230759-15EB-4BE8-A13F-49AB3ED4F13D}.Development|Any CPU.Build.0 = Debug|Any CPU
		{29230759-15EB-4BE8-A13F-49AB3ED4F13D}.DevRelease|Any CPU.ActiveCfg = Release|Any CPU
		{29230759-15EB-4BE8-A13F-49AB3ED4F13D}.DevRelease|Any CPU.Build.0 = Release|Any CPU
		{29230759-15EB-4BE8-A13F-49AB3ED4F13D}.Production|Any CPU.ActiveCfg = Debug|Any CPU
		{29230759-15EB-4BE8-A13F-49AB3ED4F13D}.Production|Any CPU.Build.0 = Debug|Any CPU
		{29230759-15EB-4BE8-A13F-49AB3ED4F13D}.Release|Any CPU.ActiveCfg = Release|Any CPU
		{29230759-15EB-4BE8-A13F-49AB3ED4F13D}.Release|Any CPU.Build.0 = Release|Any CPU
		{29230759-15EB-4BE8-A13F-49AB3ED4F13D}.Staging|Any CPU.ActiveCfg = Debug|Any CPU
		{29230759-15EB-4BE8-A13F-49AB3ED4F13D}.Staging|Any CPU.Build.0 = Debug|Any CPU
		{B57BD704-902C-422E-9B8C-A47DE31E0EB7}.Debug|Any CPU.ActiveCfg = Debug|Any CPU
		{B57BD704-902C-422E-9B8C-A47DE31E0EB7}.Debug|Any CPU.Build.0 = Debug|Any CPU
		{B57BD704-902C-422E-9B8C-A47DE31E0EB7}.Development|Any CPU.ActiveCfg = Debug|Any CPU
		{B57BD704-902C-422E-9B8C-A47DE31E0EB7}.Development|Any CPU.Build.0 = Debug|Any CPU
		{B57BD704-902C-422E-9B8C-A47DE31E0EB7}.DevRelease|Any CPU.ActiveCfg = Release|Any CPU
		{B57BD704-902C-422E-9B8C-A47DE31E0EB7}.DevRelease|Any CPU.Build.0 = Release|Any CPU
		{B57BD704-902C-422E-9B8C-A47DE31E0EB7}.Production|Any CPU.ActiveCfg = Production|Any CPU
		{B57BD704-902C-422E-9B8C-A47DE31E0EB7}.Production|Any CPU.Build.0 = Production|Any CPU
		{B57BD704-902C-422E-9B8C-A47DE31E0EB7}.Release|Any CPU.ActiveCfg = Release|Any CPU
		{B57BD704-902C-422E-9B8C-A47DE31E0EB7}.Release|Any CPU.Build.0 = Release|Any CPU
		{B57BD704-902C-422E-9B8C-A47DE31E0EB7}.Staging|Any CPU.ActiveCfg = Debug|Any CPU
		{B57BD704-902C-422E-9B8C-A47DE31E0EB7}.Staging|Any CPU.Build.0 = Debug|Any CPU
		{E98DFA07-59B0-4199-89D2-A450E087CDCB}.Debug|Any CPU.ActiveCfg = Debug|Any CPU
		{E98DFA07-59B0-4199-89D2-A450E087CDCB}.Debug|Any CPU.Build.0 = Debug|Any CPU
		{E98DFA07-59B0-4199-89D2-A450E087CDCB}.Development|Any CPU.ActiveCfg = Debug|Any CPU
		{E98DFA07-59B0-4199-89D2-A450E087CDCB}.Development|Any CPU.Build.0 = Debug|Any CPU
		{E98DFA07-59B0-4199-89D2-A450E087CDCB}.DevRelease|Any CPU.ActiveCfg = Release|Any CPU
		{E98DFA07-59B0-4199-89D2-A450E087CDCB}.DevRelease|Any CPU.Build.0 = Release|Any CPU
		{E98DFA07-59B0-4199-89D2-A450E087CDCB}.Production|Any CPU.ActiveCfg = Debug|Any CPU
		{E98DFA07-59B0-4199-89D2-A450E087CDCB}.Production|Any CPU.Build.0 = Debug|Any CPU
		{E98DFA07-59B0-4199-89D2-A450E087CDCB}.Release|Any CPU.ActiveCfg = Release|Any CPU
		{E98DFA07-59B0-4199-89D2-A450E087CDCB}.Release|Any CPU.Build.0 = Release|Any CPU
		{E98DFA07-59B0-4199-89D2-A450E087CDCB}.Staging|Any CPU.ActiveCfg = Debug|Any CPU
		{E98DFA07-59B0-4199-89D2-A450E087CDCB}.Staging|Any CPU.Build.0 = Debug|Any CPU
		{DAC79FDD-878F-4065-A834-4BC3681233EE}.Debug|Any CPU.ActiveCfg = Debug|Any CPU
		{DAC79FDD-878F-4065-A834-4BC3681233EE}.Debug|Any CPU.Build.0 = Debug|Any CPU
		{DAC79FDD-878F-4065-A834-4BC3681233EE}.Development|Any CPU.ActiveCfg = DevRelease|Any CPU
		{DAC79FDD-878F-4065-A834-4BC3681233EE}.Development|Any CPU.Build.0 = DevRelease|Any CPU
		{DAC79FDD-878F-4065-A834-4BC3681233EE}.DevRelease|Any CPU.ActiveCfg = DevRelease|Any CPU
		{DAC79FDD-878F-4065-A834-4BC3681233EE}.DevRelease|Any CPU.Build.0 = DevRelease|Any CPU
		{DAC79FDD-878F-4065-A834-4BC3681233EE}.Production|Any CPU.ActiveCfg = Production|Any CPU
		{DAC79FDD-878F-4065-A834-4BC3681233EE}.Production|Any CPU.Build.0 = Production|Any CPU
		{DAC79FDD-878F-4065-A834-4BC3681233EE}.Release|Any CPU.ActiveCfg = Release|Any CPU
		{DAC79FDD-878F-4065-A834-4BC3681233EE}.Release|Any CPU.Build.0 = Release|Any CPU
		{DAC79FDD-878F-4065-A834-4BC3681233EE}.Staging|Any CPU.ActiveCfg = Debug|Any CPU
		{DAC79FDD-878F-4065-A834-4BC3681233EE}.Staging|Any CPU.Build.0 = Debug|Any CPU
		{86AC01C3-3B6A-4FA3-B5AE-6F2594251DEA}.Debug|Any CPU.ActiveCfg = Debug|Any CPU
		{86AC01C3-3B6A-4FA3-B5AE-6F2594251DEA}.Debug|Any CPU.Build.0 = Debug|Any CPU
		{86AC01C3-3B6A-4FA3-B5AE-6F2594251DEA}.Development|Any CPU.ActiveCfg = Development|Any CPU
		{86AC01C3-3B6A-4FA3-B5AE-6F2594251DEA}.Development|Any CPU.Build.0 = Development|Any CPU
		{86AC01C3-3B6A-4FA3-B5AE-6F2594251DEA}.DevRelease|Any CPU.ActiveCfg = DevRelease|Any CPU
		{86AC01C3-3B6A-4FA3-B5AE-6F2594251DEA}.DevRelease|Any CPU.Build.0 = DevRelease|Any CPU
		{86AC01C3-3B6A-4FA3-B5AE-6F2594251DEA}.Production|Any CPU.ActiveCfg = Production|Any CPU
		{86AC01C3-3B6A-4FA3-B5AE-6F2594251DEA}.Production|Any CPU.Build.0 = Production|Any CPU
		{86AC01C3-3B6A-4FA3-B5AE-6F2594251DEA}.Release|Any CPU.ActiveCfg = Release|Any CPU
		{86AC01C3-3B6A-4FA3-B5AE-6F2594251DEA}.Release|Any CPU.Build.0 = Release|Any CPU
		{86AC01C3-3B6A-4FA3-B5AE-6F2594251DEA}.Staging|Any CPU.ActiveCfg = Staging|Any CPU
		{86AC01C3-3B6A-4FA3-B5AE-6F2594251DEA}.Staging|Any CPU.Build.0 = Staging|Any CPU
		{28B788E2-301B-49DA-AC3F-5F124678BE44}.Debug|Any CPU.ActiveCfg = Debug|Any CPU
		{28B788E2-301B-49DA-AC3F-5F124678BE44}.Debug|Any CPU.Build.0 = Debug|Any CPU
		{28B788E2-301B-49DA-AC3F-5F124678BE44}.Development|Any CPU.ActiveCfg = Development|Any CPU
		{28B788E2-301B-49DA-AC3F-5F124678BE44}.Development|Any CPU.Build.0 = Development|Any CPU
		{28B788E2-301B-49DA-AC3F-5F124678BE44}.DevRelease|Any CPU.ActiveCfg = DevRelease|Any CPU
		{28B788E2-301B-49DA-AC3F-5F124678BE44}.DevRelease|Any CPU.Build.0 = DevRelease|Any CPU
		{28B788E2-301B-49DA-AC3F-5F124678BE44}.Production|Any CPU.ActiveCfg = Production|Any CPU
		{28B788E2-301B-49DA-AC3F-5F124678BE44}.Production|Any CPU.Build.0 = Production|Any CPU
		{28B788E2-301B-49DA-AC3F-5F124678BE44}.Release|Any CPU.ActiveCfg = Release|Any CPU
		{28B788E2-301B-49DA-AC3F-5F124678BE44}.Release|Any CPU.Build.0 = Release|Any CPU
		{28B788E2-301B-49DA-AC3F-5F124678BE44}.Staging|Any CPU.ActiveCfg = Staging|Any CPU
		{28B788E2-301B-49DA-AC3F-5F124678BE44}.Staging|Any CPU.Build.0 = Staging|Any CPU
		{0DC38077-65A4-4BD7-8610-DA36AD14DBCE}.Debug|Any CPU.ActiveCfg = Debug|Any CPU
		{0DC38077-65A4-4BD7-8610-DA36AD14DBCE}.Debug|Any CPU.Build.0 = Debug|Any CPU
		{0DC38077-65A4-4BD7-8610-DA36AD14DBCE}.Development|Any CPU.ActiveCfg = DevRelease|Any CPU
		{0DC38077-65A4-4BD7-8610-DA36AD14DBCE}.Development|Any CPU.Build.0 = DevRelease|Any CPU
		{0DC38077-65A4-4BD7-8610-DA36AD14DBCE}.DevRelease|Any CPU.ActiveCfg = DevRelease|Any CPU
		{0DC38077-65A4-4BD7-8610-DA36AD14DBCE}.DevRelease|Any CPU.Build.0 = DevRelease|Any CPU
		{0DC38077-65A4-4BD7-8610-DA36AD14DBCE}.Production|Any CPU.ActiveCfg = Production|Any CPU
		{0DC38077-65A4-4BD7-8610-DA36AD14DBCE}.Production|Any CPU.Build.0 = Production|Any CPU
		{0DC38077-65A4-4BD7-8610-DA36AD14DBCE}.Release|Any CPU.ActiveCfg = Release|Any CPU
		{0DC38077-65A4-4BD7-8610-DA36AD14DBCE}.Release|Any CPU.Build.0 = Release|Any CPU
		{0DC38077-65A4-4BD7-8610-DA36AD14DBCE}.Staging|Any CPU.ActiveCfg = Debug|Any CPU
		{0DC38077-65A4-4BD7-8610-DA36AD14DBCE}.Staging|Any CPU.Build.0 = Debug|Any CPU
		{921451B9-FF68-4509-9368-89173C427FA4}.Debug|Any CPU.ActiveCfg = Debug|Any CPU
		{921451B9-FF68-4509-9368-89173C427FA4}.Debug|Any CPU.Build.0 = Debug|Any CPU
		{921451B9-FF68-4509-9368-89173C427FA4}.Development|Any CPU.ActiveCfg = Development|Any CPU
		{921451B9-FF68-4509-9368-89173C427FA4}.Development|Any CPU.Build.0 = Development|Any CPU
		{921451B9-FF68-4509-9368-89173C427FA4}.DevRelease|Any CPU.ActiveCfg = DevRelease|Any CPU
		{921451B9-FF68-4509-9368-89173C427FA4}.DevRelease|Any CPU.Build.0 = DevRelease|Any CPU
		{921451B9-FF68-4509-9368-89173C427FA4}.Production|Any CPU.ActiveCfg = Production|Any CPU
		{921451B9-FF68-4509-9368-89173C427FA4}.Production|Any CPU.Build.0 = Production|Any CPU
		{921451B9-FF68-4509-9368-89173C427FA4}.Release|Any CPU.ActiveCfg = Release|Any CPU
		{921451B9-FF68-4509-9368-89173C427FA4}.Release|Any CPU.Build.0 = Release|Any CPU
		{921451B9-FF68-4509-9368-89173C427FA4}.Staging|Any CPU.ActiveCfg = Staging|Any CPU
		{921451B9-FF68-4509-9368-89173C427FA4}.Staging|Any CPU.Build.0 = Staging|Any CPU
		{660E8699-3ED1-4F55-B71D-9C4248CF7F91}.Debug|Any CPU.ActiveCfg = Debug|Any CPU
		{660E8699-3ED1-4F55-B71D-9C4248CF7F91}.Debug|Any CPU.Build.0 = Debug|Any CPU
		{660E8699-3ED1-4F55-B71D-9C4248CF7F91}.Development|Any CPU.ActiveCfg = Debug|Any CPU
		{660E8699-3ED1-4F55-B71D-9C4248CF7F91}.Development|Any CPU.Build.0 = Debug|Any CPU
		{660E8699-3ED1-4F55-B71D-9C4248CF7F91}.DevRelease|Any CPU.ActiveCfg = Release|Any CPU
		{660E8699-3ED1-4F55-B71D-9C4248CF7F91}.DevRelease|Any CPU.Build.0 = Release|Any CPU
		{660E8699-3ED1-4F55-B71D-9C4248CF7F91}.Production|Any CPU.ActiveCfg = Debug|Any CPU
		{660E8699-3ED1-4F55-B71D-9C4248CF7F91}.Production|Any CPU.Build.0 = Debug|Any CPU
		{660E8699-3ED1-4F55-B71D-9C4248CF7F91}.Release|Any CPU.ActiveCfg = Release|Any CPU
		{660E8699-3ED1-4F55-B71D-9C4248CF7F91}.Release|Any CPU.Build.0 = Release|Any CPU
		{660E8699-3ED1-4F55-B71D-9C4248CF7F91}.Staging|Any CPU.ActiveCfg = Debug|Any CPU
		{660E8699-3ED1-4F55-B71D-9C4248CF7F91}.Staging|Any CPU.Build.0 = Debug|Any CPU
		{B6DC9CF2-A8CC-40DC-B30D-E1762DA86FC2}.Debug|Any CPU.ActiveCfg = Debug|Any CPU
		{B6DC9CF2-A8CC-40DC-B30D-E1762DA86FC2}.Debug|Any CPU.Build.0 = Debug|Any CPU
		{B6DC9CF2-A8CC-40DC-B30D-E1762DA86FC2}.Development|Any CPU.ActiveCfg = Debug|Any CPU
		{B6DC9CF2-A8CC-40DC-B30D-E1762DA86FC2}.Development|Any CPU.Build.0 = Debug|Any CPU
		{B6DC9CF2-A8CC-40DC-B30D-E1762DA86FC2}.DevRelease|Any CPU.ActiveCfg = Release|Any CPU
		{B6DC9CF2-A8CC-40DC-B30D-E1762DA86FC2}.DevRelease|Any CPU.Build.0 = Release|Any CPU
		{B6DC9CF2-A8CC-40DC-B30D-E1762DA86FC2}.Production|Any CPU.ActiveCfg = Debug|Any CPU
		{B6DC9CF2-A8CC-40DC-B30D-E1762DA86FC2}.Production|Any CPU.Build.0 = Debug|Any CPU
		{B6DC9CF2-A8CC-40DC-B30D-E1762DA86FC2}.Release|Any CPU.ActiveCfg = Release|Any CPU
		{B6DC9CF2-A8CC-40DC-B30D-E1762DA86FC2}.Release|Any CPU.Build.0 = Release|Any CPU
		{B6DC9CF2-A8CC-40DC-B30D-E1762DA86FC2}.Staging|Any CPU.ActiveCfg = Debug|Any CPU
		{B6DC9CF2-A8CC-40DC-B30D-E1762DA86FC2}.Staging|Any CPU.Build.0 = Debug|Any CPU
		{83799A65-36C6-4119-980F-E07DFC097096}.Debug|Any CPU.ActiveCfg = Debug|Any CPU
		{83799A65-36C6-4119-980F-E07DFC097096}.Debug|Any CPU.Build.0 = Debug|Any CPU
		{83799A65-36C6-4119-980F-E07DFC097096}.Development|Any CPU.ActiveCfg = Debug|Any CPU
		{83799A65-36C6-4119-980F-E07DFC097096}.Development|Any CPU.Build.0 = Debug|Any CPU
		{83799A65-36C6-4119-980F-E07DFC097096}.DevRelease|Any CPU.ActiveCfg = Release|Any CPU
		{83799A65-36C6-4119-980F-E07DFC097096}.DevRelease|Any CPU.Build.0 = Release|Any CPU
		{83799A65-36C6-4119-980F-E07DFC097096}.Production|Any CPU.ActiveCfg = Debug|Any CPU
		{83799A65-36C6-4119-980F-E07DFC097096}.Production|Any CPU.Build.0 = Debug|Any CPU
		{83799A65-36C6-4119-980F-E07DFC097096}.Release|Any CPU.ActiveCfg = Release|Any CPU
		{83799A65-36C6-4119-980F-E07DFC097096}.Release|Any CPU.Build.0 = Release|Any CPU
		{83799A65-36C6-4119-980F-E07DFC097096}.Staging|Any CPU.ActiveCfg = Debug|Any CPU
		{83799A65-36C6-4119-980F-E07DFC097096}.Staging|Any CPU.Build.0 = Debug|Any CPU
	EndGlobalSection
	GlobalSection(SolutionProperties) = preSolution
		HideSolutionNode = FALSE
	EndGlobalSection
	GlobalSection(NestedProjects) = preSolution
		{2DA238B9-FD7A-4A3B-B00D-3B5017E190C1} = {FFCFA5E0-9E3B-4554-B8CE-7C4C3CC73F07}
		{5B209235-31C8-4B14-8F51-1CED6D745C66} = {2DA238B9-FD7A-4A3B-B00D-3B5017E190C1}
		{A2286153-4467-4FA1-8291-56A7AC74D8A5} = {7566C998-1E8B-47C2-A284-4EED573CFCE8}
		{B3C20AAF-BB70-467E-876D-B830BCCEB5C3} = {7566C998-1E8B-47C2-A284-4EED573CFCE8}
		{38E59A7E-23F9-4514-9F7A-9AB17D686076} = {7566C998-1E8B-47C2-A284-4EED573CFCE8}
		{DB5D1636-B233-4D84-AC4D-92B9B419DCFD} = {7566C998-1E8B-47C2-A284-4EED573CFCE8}
		{7A134CE0-484D-4628-91BB-B8CDF3CAA236} = {7566C998-1E8B-47C2-A284-4EED573CFCE8}
		{FCE62CBC-D7D8-4B7F-AC76-EA1BD0B987A6} = {0231C165-A541-4D67-9B32-05DE49886E13}
		{A7C99DA8-42C8-4553-9B10-DB2D0BD7B8FA} = {0231C165-A541-4D67-9B32-05DE49886E13}
		{4340EBEB-85F1-468A-856B-F4FCE8B150A7} = {FB96E144-CD93-4713-9DAD-0237F63AA99E}
		{E7933CA5-4CB6-4609-87C8-8D33E27B4F58} = {FB96E144-CD93-4713-9DAD-0237F63AA99E}
		{29230759-15EB-4BE8-A13F-49AB3ED4F13D} = {FB96E144-CD93-4713-9DAD-0237F63AA99E}
		{B57BD704-902C-422E-9B8C-A47DE31E0EB7} = {4C8DD271-A2A4-450F-8F75-EAC15DB1CE36}
		{E98DFA07-59B0-4199-89D2-A450E087CDCB} = {4C8DD271-A2A4-450F-8F75-EAC15DB1CE36}
		{DAC79FDD-878F-4065-A834-4BC3681233EE} = {FFCFA5E0-9E3B-4554-B8CE-7C4C3CC73F07}
		{86AC01C3-3B6A-4FA3-B5AE-6F2594251DEA} = {FFCFA5E0-9E3B-4554-B8CE-7C4C3CC73F07}
		{28B788E2-301B-49DA-AC3F-5F124678BE44} = {FFCFA5E0-9E3B-4554-B8CE-7C4C3CC73F07}
		{0DC38077-65A4-4BD7-8610-DA36AD14DBCE} = {FFCFA5E0-9E3B-4554-B8CE-7C4C3CC73F07}
		{921451B9-FF68-4509-9368-89173C427FA4} = {FFCFA5E0-9E3B-4554-B8CE-7C4C3CC73F07}
		{660E8699-3ED1-4F55-B71D-9C4248CF7F91} = {5B209235-31C8-4B14-8F51-1CED6D745C66}
		{B6DC9CF2-A8CC-40DC-B30D-E1762DA86FC2} = {2DA238B9-FD7A-4A3B-B00D-3B5017E190C1}
		{83799A65-36C6-4119-980F-E07DFC097096} = {7566C998-1E8B-47C2-A284-4EED573CFCE8}
	EndGlobalSection
	GlobalSection(ExtensibilityGlobals) = postSolution
		SolutionGuid = {2524DEB4-C5AC-4FA9-ACC7-DBACB3695018}
	EndGlobalSection
EndGlobal
